
Microsoft Visual Studio Solution File, Format Version 12.00
# Visual Studio Version 17
VisualStudioVersion = 17.0.32014.148
MinimumVisualStudioVersion = 10.0.40219.1
Project("{FAE04EC0-301F-11D3-BF4B-00C04F79EFBC}") = "DigitalPhotoFrame", "DigitalPhotoFrame\DigitalPhotoFrame.csproj", "{94EA8904-C6D1-4CF6-BAA8-9926169AF022}"
EndProject
Global
	GlobalSection(SolutionConfigurationPlatforms) = preSolution
		Debug|Any CPU = Debug|Any CPU
		Release|Any CPU = Release|Any CPU
	EndGlobalSection
	GlobalSection(ProjectConfigurationPlatforms) = postSolution
		{94EA8904-C6D1-4CF6-BAA8-9926169AF022}.Debug|Any CPU.ActiveCfg = Debug|Any CPU
		{94EA8904-C6D1-4CF6-BAA8-9926169AF022}.Debug|Any CPU.Build.0 = Debug|Any CPU
		{94EA8904-C6D1-4CF6-BAA8-9926169AF022}.Release|Any CPU.ActiveCfg = Release|Any CPU
		{94EA8904-C6D1-4CF6-BAA8-9926169AF022}.Release|Any CPU.Build.0 = Release|Any CPU
	EndGlobalSection
	GlobalSection(SolutionProperties) = preSolution
		HideSolutionNode = FALSE
	EndGlobalSection
	GlobalSection(ExtensibilityGlobals) = postSolution
		SolutionGuid = {FCDAC70F-9967-426A-AC48-5450B0D87365}
	EndGlobalSection
EndGlobal
